<?xml version="1.0" encoding="utf-8"?>
<Project ToolsVersion="4.0" xmlns="http://schemas.microsoft.com/developer/msbuild/2003">
  <ItemGroup>
    <Filter Include="Source Files">
      <UniqueIdentifier>{4FC737F1-C7A5-4376-A066-2A32D752A2FF}</UniqueIdentifier>
      <Extensions>cpp;c;cc;cxx;def;odl;idl;hpj;bat;asm;asmx</Extensions>
    </Filter>
    <Filter Include="Header Files">
      <UniqueIdentifier>{93995380-89BD-4b04-88EB-625FBE52EBFB}</UniqueIdentifier>
      <Extensions>h;hh;hpp;hxx;hm;inl;inc;xsd</Extensions>
    </Filter>
    <Filter Include="Resource Files">
      <UniqueIdentifier>{67DA6AB6-F800-4c08-8B7A-83BB121AAD01}</UniqueIdentifier>
      <Extensions>rc;ico;cur;bmp;dlg;rc2;rct;bin;rgs;gif;jpg;jpeg;jpe;resx;tiff;tif;png;wav;mfcribbon-ms</Extensions>
    </Filter>
  </ItemGroup>
  <ItemGroup>
    <None Include=".gitignore" />
    <None Include="README.md" />
  </ItemGroup>
  <ItemGroup>
    <ClCompile Include="playerDominationObserverDecorator.cpp">
      <Filter>Source Files</Filter>
    </ClCompile>
    <ClCompile Include="playerHandsObserverDecorator.cpp">
      <Filter>Source Files</Filter>
    </ClCompile>
    <ClCompile Include="PlayerObserver.cpp">
      <Filter>Source Files</Filter>
    </ClCompile>
    <ClCompile Include="Players.cpp">
      <Filter>Source Files</Filter>
    </ClCompile>
    <ClCompile Include="RandomStrategy.cpp">
      <Filter>Source Files</Filter>
    </ClCompile>
    <ClCompile Include="Region.cpp">
      <Filter>Source Files</Filter>
    </ClCompile>
    <ClCompile Include="startupPhase.cpp">
      <Filter>Source Files</Filter>
    </ClCompile>
    <ClCompile Include="Strategy.cpp">
      <Filter>Source Files</Filter>
    </ClCompile>
    <ClCompile Include="Subject.cpp">
      <Filter>Source Files</Filter>
    </ClCompile>
    <ClCompile Include="test.cpp">
      <Filter>Source Files</Filter>
    </ClCompile>
    <ClCompile Include="victoryCoinsObserverDecorator.cpp">
      <Filter>Source Files</Filter>
    </ClCompile>
    <ClCompile Include="AggressiveStrategy.cpp">
      <Filter>Source Files</Filter>
    </ClCompile>
    <ClCompile Include="basicGameStasticsObserver.cpp">
      <Filter>Source Files</Filter>
    </ClCompile>
    <ClCompile Include="DefensiveStrategy.cpp">
      <Filter>Source Files</Filter>
    </ClCompile>
    <ClCompile Include="Dice.cpp">
      <Filter>Source Files</Filter>
    </ClCompile>
    <ClCompile Include="driver1.cpp">
      <Filter>Source Files</Filter>
    </ClCompile>
    <ClCompile Include="Map.cpp">
      <Filter>Source Files</Filter>
    </ClCompile>
    <ClCompile Include="mapAndPlayers.cpp">
      <Filter>Source Files</Filter>
    </ClCompile>
    <ClCompile Include="MapLoader.cpp">
      <Filter>Source Files</Filter>
    </ClCompile>
    <ClCompile Include="ModerateStrategy.cpp">
      <Filter>Source Files</Filter>
    </ClCompile>
    <ClCompile Include="Observer.cpp">
      <Filter>Source Files</Filter>
    </ClCompile>
    <ClCompile Include="ObserverDecorator.cpp">
      <Filter>Source Files</Filter>
    </ClCompile>
    <ClCompile Include="ObserverPhase.cpp">
      <Filter>Source Files</Filter>
    </ClCompile>
    <ClCompile Include="ObserverStatistics.cpp">
      <Filter>Source Files</Filter>
    </ClCompile>
    <ClCompile Include="pickupRacePower.cpp">
      <Filter>Source Files</Filter>
    </ClCompile>
    <ClCompile Include="CoinsAndTokens\Coins.cpp">
      <Filter>Source Files</Filter>
    </ClCompile>
    <ClCompile Include="CoinsAndTokens\Token.cpp">
      <Filter>Source Files</Filter>
    </ClCompile>
    <ClCompile Include="GamePieces\Dragon.cpp">
      <Filter>Source Files</Filter>
    </ClCompile>
    <ClCompile Include="GamePieces\Encampments.cpp">
      <Filter>Source Files</Filter>
    </ClCompile>
    <ClCompile Include="GamePieces\Fortesses.cpp">
      <Filter>Source Files</Filter>
    </ClCompile>
    <ClCompile Include="GamePieces\GamePiece.cpp">
      <Filter>Source Files</Filter>
    </ClCompile>
    <ClCompile Include="GamePieces\Heroes.cpp">
      <Filter>Source Files</Filter>
    </ClCompile>
    <ClCompile Include="GamePieces\LairFromTroll.cpp">
      <Filter>Source Files</Filter>
    </ClCompile>
    <ClCompile Include="GamePieces\Mountains.cpp">
      <Filter>Source Files</Filter>
    </ClCompile>
    <ClCompile Include="GamePieces\TwoHolesInTheGround.cpp">
      <Filter>Source Files</Filter>
    </ClCompile>
    <ClCompile Include="RaceBanner\Amazons.cpp">
      <Filter>Source Files</Filter>
    </ClCompile>
    <ClCompile Include="RaceBanner\Dwarves.cpp">
      <Filter>Source Files</Filter>
    </ClCompile>
    <ClCompile Include="RaceBanner\Elves.cpp">
      <Filter>Source Files</Filter>
    </ClCompile>
    <ClCompile Include="RaceBanner\Ghouls.cpp">
      <Filter>Source Files</Filter>
    </ClCompile>
    <ClCompile Include="RaceBanner\Giants.cpp">
      <Filter>Source Files</Filter>
    </ClCompile>
    <ClCompile Include="RaceBanner\Halflings.cpp">
      <Filter>Source Files</Filter>
    </ClCompile>
    <ClCompile Include="RaceBanner\Humans.cpp">
      <Filter>Source Files</Filter>
    </ClCompile>
    <ClCompile Include="RaceBanner\LostTribes.cpp">
      <Filter>Source Files</Filter>
    </ClCompile>
    <ClCompile Include="RaceBanner\Orcs.cpp">
      <Filter>Source Files</Filter>
    </ClCompile>
    <ClCompile Include="RaceBanner\RaceBanner.cpp">
      <Filter>Source Files</Filter>
    </ClCompile>
    <ClCompile Include="RaceBanner\Ratmen.cpp">
      <Filter>Source Files</Filter>
    </ClCompile>
    <ClCompile Include="RaceBanner\Skeletons.cpp">
      <Filter>Source Files</Filter>
    </ClCompile>
    <ClCompile Include="RaceBanner\Sorceres.cpp">
      <Filter>Source Files</Filter>
    </ClCompile>
    <ClCompile Include="RaceBanner\Tritons.cpp">
      <Filter>Source Files</Filter>
    </ClCompile>
    <ClCompile Include="RaceBanner\Trolls.cpp">
      <Filter>Source Files</Filter>
    </ClCompile>
    <ClCompile Include="RaceBanner\Wizards.cpp">
      <Filter>Source Files</Filter>
    </ClCompile>
    <ClCompile Include="Badges\Alchemist.cpp">
      <Filter>Source Files</Filter>
    </ClCompile>
    <ClCompile Include="Badges\Badges.cpp">
      <Filter>Source Files</Filter>
    </ClCompile>
    <ClCompile Include="Badges\Berserk.cpp">
      <Filter>Source Files</Filter>
    </ClCompile>
    <ClCompile Include="Badges\Bivouacking.cpp">
      <Filter>Source Files</Filter>
    </ClCompile>
    <ClCompile Include="Badges\Commando.cpp">
      <Filter>Source Files</Filter>
    </ClCompile>
    <ClCompile Include="Badges\Diplomat.cpp">
      <Filter>Source Files</Filter>
    </ClCompile>
    <ClCompile Include="Badges\DragonMaster.cpp">
      <Filter>Source Files</Filter>
    </ClCompile>
    <ClCompile Include="Badges\Flying.cpp">
      <Filter>Source Files</Filter>
    </ClCompile>
    <ClCompile Include="Badges\Forest.cpp">
      <Filter>Source Files</Filter>
    </ClCompile>
    <ClCompile Include="Badges\Fortified.cpp">
      <Filter>Source Files</Filter>
    </ClCompile>
    <ClCompile Include="Badges\Heroic.cpp">
      <Filter>Source Files</Filter>
    </ClCompile>
    <ClCompile Include="Badges\Hill.cpp">
      <Filter>Source Files</Filter>
    </ClCompile>
    <ClCompile Include="Badges\Merchant.cpp">
      <Filter>Source Files</Filter>
    </ClCompile>
    <ClCompile Include="Badges\Mounted.cpp">
      <Filter>Source Files</Filter>
    </ClCompile>
    <ClCompile Include="Badges\Pillaging.cpp">
      <Filter>Source Files</Filter>
    </ClCompile>
    <ClCompile Include="Badges\Seafaring.cpp">
      <Filter>Source Files</Filter>
    </ClCompile>
    <ClCompile Include="Badges\Spirit.cpp">
      <Filter>Source Files</Filter>
    </ClCompile>
    <ClCompile Include="Badges\Stout.cpp">
      <Filter>Source Files</Filter>
    </ClCompile>
    <ClCompile Include="Badges\Swamp.cpp">
      <Filter>Source Files</Filter>
    </ClCompile>
    <ClCompile Include="Badges\Underworld.cpp">
      <Filter>Source Files</Filter>
    </ClCompile>
    <ClCompile Include="Badges\Wealthy.cpp">
      <Filter>Source Files</Filter>
    </ClCompile>
    <ClCompile Include="DeckCard.cpp">
      <Filter>Source Files</Filter>
    </ClCompile>
  </ItemGroup>
  <ItemGroup>
    <ClInclude Include="playerDominationObserverDecorator.h">
      <Filter>Header Files</Filter>
    </ClInclude>
    <ClInclude Include="playerHandsObserverDecorator.h">
      <Filter>Header Files</Filter>
    </ClInclude>
    <ClInclude Include="PlayerObserver.h">
      <Filter>Header Files</Filter>
    </ClInclude>
    <ClInclude Include="Players.h">
      <Filter>Header Files</Filter>
    </ClInclude>
    <ClInclude Include="RandomStrategy.h">
      <Filter>Header Files</Filter>
    </ClInclude>
    <ClInclude Include="Region.h">
      <Filter>Header Files</Filter>
    </ClInclude>
    <ClInclude Include="startupPhase.h">
      <Filter>Header Files</Filter>
    </ClInclude>
    <ClInclude Include="Strategy.h">
      <Filter>Header Files</Filter>
    </ClInclude>
    <ClInclude Include="Subject.h">
      <Filter>Header Files</Filter>
    </ClInclude>
    <ClInclude Include="victoryCoinsObserverDecorator.h">
      <Filter>Header Files</Filter>
    </ClInclude>
    <ClInclude Include="AggressiveStrategy.h">
      <Filter>Header Files</Filter>
    </ClInclude>
    <ClInclude Include="basicGameStasticsObserver.h">
      <Filter>Header Files</Filter>
    </ClInclude>
    <ClInclude Include="DefensiveStrategy.h">
      <Filter>Header Files</Filter>
    </ClInclude>
    <ClInclude Include="Dice.h">
      <Filter>Header Files</Filter>
    </ClInclude>
    <ClInclude Include="global_variables_clarification.h">
      <Filter>Header Files</Filter>
    </ClInclude>
    <ClInclude Include="Map.h">
      <Filter>Header Files</Filter>
    </ClInclude>
    <ClInclude Include="mapAndPlayers.h">
      <Filter>Header Files</Filter>
    </ClInclude>
    <ClInclude Include="MapLoader.h">
      <Filter>Header Files</Filter>
    </ClInclude>
    <ClInclude Include="ModerateStrategy.h">
      <Filter>Header Files</Filter>
    </ClInclude>
    <ClInclude Include="Observer.h">
      <Filter>Header Files</Filter>
    </ClInclude>
    <ClInclude Include="ObserverDecorator.h">
      <Filter>Header Files</Filter>
    </ClInclude>
    <ClInclude Include="ObserverPhase.h">
      <Filter>Header Files</Filter>
    </ClInclude>
    <ClInclude Include="ObserverStatistics.h">
      <Filter>Header Files</Filter>
    </ClInclude>
    <ClInclude Include="pickupRacePower.h">
      <Filter>Header Files</Filter>
    </ClInclude>
    <ClInclude Include="CoinsAndTokens\Coins.h">
      <Filter>Header Files</Filter>
    </ClInclude>
    <ClInclude Include="CoinsAndTokens\Token.h">
      <Filter>Header Files</Filter>
    </ClInclude>
    <ClInclude Include="GamePieces\Dragon.h">
      <Filter>Header Files</Filter>
    </ClInclude>
    <ClInclude Include="GamePieces\Encampments.h">
      <Filter>Header Files</Filter>
    </ClInclude>
    <ClInclude Include="GamePieces\Fortesses.h">
      <Filter>Header Files</Filter>
    </ClInclude>
    <ClInclude Include="GamePieces\GamePiece.h">
      <Filter>Header Files</Filter>
    </ClInclude>
    <ClInclude Include="GamePieces\Heroes.h">
      <Filter>Header Files</Filter>
    </ClInclude>
    <ClInclude Include="GamePieces\LairFromTroll.h">
      <Filter>Header Files</Filter>
    </ClInclude>
    <ClInclude Include="GamePieces\Mountains.h">
      <Filter>Header Files</Filter>
    </ClInclude>
    <ClInclude Include="GamePieces\TwoHolesInTheGround.h">
      <Filter>Header Files</Filter>
    </ClInclude>
    <ClInclude Include="RaceBanner\Amazons.h">
      <Filter>Header Files</Filter>
    </ClInclude>
    <ClInclude Include="RaceBanner\Dwarves.h">
      <Filter>Header Files</Filter>
    </ClInclude>
    <ClInclude Include="RaceBanner\Elves.h">
      <Filter>Header Files</Filter>
    </ClInclude>
    <ClInclude Include="RaceBanner\Ghouls.h">
      <Filter>Header Files</Filter>
    </ClInclude>
    <ClInclude Include="RaceBanner\Giants.h">
      <Filter>Header Files</Filter>
    </ClInclude>
    <ClInclude Include="RaceBanner\Halflings.h">
      <Filter>Header Files</Filter>
    </ClInclude>
    <ClInclude Include="RaceBanner\Humans.h">
      <Filter>Header Files</Filter>
    </ClInclude>
    <ClInclude Include="RaceBanner\LostTribes.h">
      <Filter>Header Files</Filter>
    </ClInclude>
    <ClInclude Include="RaceBanner\Orcs.h">
      <Filter>Header Files</Filter>
    </ClInclude>
    <ClInclude Include="RaceBanner\RaceBanner.h">
      <Filter>Header Files</Filter>
    </ClInclude>
    <ClInclude Include="RaceBanner\Ratmen.h">
      <Filter>Header Files</Filter>
    </ClInclude>
    <ClInclude Include="RaceBanner\Skeletons.h">
      <Filter>Header Files</Filter>
    </ClInclude>
    <ClInclude Include="RaceBanner\Sorceres.h">
      <Filter>Header Files</Filter>
    </ClInclude>
    <ClInclude Include="RaceBanner\Tritons.h">
      <Filter>Header Files</Filter>
    </ClInclude>
    <ClInclude Include="RaceBanner\Trolls.h">
      <Filter>Header Files</Filter>
    </ClInclude>
    <ClInclude Include="RaceBanner\Wizards.h">
      <Filter>Header Files</Filter>
    </ClInclude>
    <ClInclude Include="Badges\Alchemist.h">
      <Filter>Header Files</Filter>
    </ClInclude>
    <ClInclude Include="Badges\Badges.h">
      <Filter>Header Files</Filter>
    </ClInclude>
    <ClInclude Include="Badges\Berserk.h">
      <Filter>Header Files</Filter>
    </ClInclude>
    <ClInclude Include="Badges\Bivouacking.h">
      <Filter>Header Files</Filter>
    </ClInclude>
    <ClInclude Include="Badges\Commando.h">
      <Filter>Header Files</Filter>
    </ClInclude>
    <ClInclude Include="Badges\Diplomat.h">
      <Filter>Header Files</Filter>
    </ClInclude>
    <ClInclude Include="Badges\DragonMaster.h">
      <Filter>Header Files</Filter>
    </ClInclude>
    <ClInclude Include="Badges\Flying.h">
      <Filter>Header Files</Filter>
    </ClInclude>
    <ClInclude Include="Badges\Forest.h">
      <Filter>Header Files</Filter>
    </ClInclude>
    <ClInclude Include="Badges\Fortified.h">
      <Filter>Header Files</Filter>
    </ClInclude>
    <ClInclude Include="Badges\Heroic.h">
      <Filter>Header Files</Filter>
    </ClInclude>
    <ClInclude Include="Badges\Hill.h">
      <Filter>Header Files</Filter>
    </ClInclude>
    <ClInclude Include="Badges\Merchant.h">
      <Filter>Header Files</Filter>
    </ClInclude>
    <ClInclude Include="Badges\Mounted.h">
      <Filter>Header Files</Filter>
    </ClInclude>
    <ClInclude Include="Badges\Pillaging.h">
      <Filter>Header Files</Filter>
    </ClInclude>
    <ClInclude Include="Badges\Seafaring.h">
      <Filter>Header Files</Filter>
    </ClInclude>
    <ClInclude Include="Badges\Spirit.h">
      <Filter>Header Files</Filter>
    </ClInclude>
    <ClInclude Include="Badges\Stout.h">
      <Filter>Header Files</Filter>
    </ClInclude>
    <ClInclude Include="Badges\Swamp.h">
      <Filter>Header Files</Filter>
    </ClInclude>
    <ClInclude Include="Badges\Underworld.h">
      <Filter>Header Files</Filter>
    </ClInclude>
    <ClInclude Include="Badges\Wealthy.h">
      <Filter>Header Files</Filter>
    </ClInclude>
    <ClInclude Include="DeckCard.h">
      <Filter>Header Files</Filter>
    </ClInclude>
  </ItemGroup>
  <ItemGroup>
    <Text Include="README.txt" />
    <Text Include="asdf.txt" />
    <Text Include="Map2.txt" />
    <Text Include="Map3.txt" />
    <Text Include="Map4.txt" />
    <Text Include="Map5.txt" />
    <Text Include="Map22.txt" />
  </ItemGroup>
</Project>